
Microsoft Visual Studio Solution File, Format Version 12.00
# Visual Studio 15
VisualStudioVersion = 15.0.27703.2047
MinimumVisualStudioVersion = 10.0.40219.1
Project("{FAE04EC0-301F-11D3-BF4B-00C04F79EFBC}") = "CBT", "CBT\CBT.csproj", "{00F36FDE-9674-4DC8-9FEE-A58537100551}"
EndProject
Global
	GlobalSection(SolutionConfigurationPlatforms) = preSolution
		Debug|Any CPU = Debug|Any CPU
		Release|Any CPU = Release|Any CPU
	EndGlobalSection
	GlobalSection(ProjectConfigurationPlatforms) = postSolution
		{00F36FDE-9674-4DC8-9FEE-A58537100551}.Debug|Any CPU.ActiveCfg = Debug|Any CPU
		{00F36FDE-9674-4DC8-9FEE-A58537100551}.Debug|Any CPU.Build.0 = Debug|Any CPU
		{00F36FDE-9674-4DC8-9FEE-A58537100551}.Release|Any CPU.ActiveCfg = Release|Any CPU
		{00F36FDE-9674-4DC8-9FEE-A58537100551}.Release|Any CPU.Build.0 = Release|Any CPU
	EndGlobalSection
	GlobalSection(SolutionProperties) = preSolution
		HideSolutionNode = FALSE
	EndGlobalSection
	GlobalSection(ExtensibilityGlobals) = postSolution
		SolutionGuid = {C03D70E0-75AB-4F65-A707-CB028CB44EA0}
	EndGlobalSection
EndGlobal
